
Microsoft Visual Studio Solution File, Format Version 12.00
# Visual Studio Version 17
VisualStudioVersion = 17.2.32210.308
MinimumVisualStudioVersion = 10.0.40219.1
Project("{FAE04EC0-301F-11D3-BF4B-00C04F79EFBC}") = "HW_03", "HW_03\HW_03.csproj", "{6EADBC28-0872-468D-A93E-392234844338}"
EndProject
Global
	GlobalSection(SolutionConfigurationPlatforms) = preSolution
		Debug|Any CPU = Debug|Any CPU
		Release|Any CPU = Release|Any CPU
	EndGlobalSection
	GlobalSection(ProjectConfigurationPlatforms) = postSolution
		{6EADBC28-0872-468D-A93E-392234844338}.Debug|Any CPU.ActiveCfg = Debug|Any CPU
		{6EADBC28-0872-468D-A93E-392234844338}.Debug|Any CPU.Build.0 = Debug|Any CPU
		{6EADBC28-0872-468D-A93E-392234844338}.Release|Any CPU.ActiveCfg = Release|Any CPU
		{6EADBC28-0872-468D-A93E-392234844338}.Release|Any CPU.Build.0 = Release|Any CPU
	EndGlobalSection
	GlobalSection(SolutionProperties) = preSolution
		HideSolutionNode = FALSE
	EndGlobalSection
	GlobalSection(ExtensibilityGlobals) = postSolution
		SolutionGuid = {92AC62F9-12A6-4755-B27D-A298DA712DBE}
	EndGlobalSection
EndGlobal
